
Microsoft Visual Studio Solution File, Format Version 12.00
# Visual Studio Version 17
VisualStudioVersion = 17.0.32014.148
MinimumVisualStudioVersion = 10.0.40219.1
Project("{FAE04EC0-301F-11D3-BF4B-00C04F79EFBC}") = "ProgramaDeSoma", "ProgramaDeSoma\ProgramaDeSoma.csproj", "{670F274E-8B82-40BF-A269-27F89B82A440}"
EndProject
Global
	GlobalSection(SolutionConfigurationPlatforms) = preSolution
		Debug|Any CPU = Debug|Any CPU
		Release|Any CPU = Release|Any CPU
	EndGlobalSection
	GlobalSection(ProjectConfigurationPlatforms) = postSolution
		{670F274E-8B82-40BF-A269-27F89B82A440}.Debug|Any CPU.ActiveCfg = Debug|Any CPU
		{670F274E-8B82-40BF-A269-27F89B82A440}.Debug|Any CPU.Build.0 = Debug|Any CPU
		{670F274E-8B82-40BF-A269-27F89B82A440}.Release|Any CPU.ActiveCfg = Release|Any CPU
		{670F274E-8B82-40BF-A269-27F89B82A440}.Release|Any CPU.Build.0 = Release|Any CPU
	EndGlobalSection
	GlobalSection(SolutionProperties) = preSolution
		HideSolutionNode = FALSE
	EndGlobalSection
	GlobalSection(ExtensibilityGlobals) = postSolution
		SolutionGuid = {34982075-354B-4D51-AD0C-74E87D9E3B6D}
	EndGlobalSection
EndGlobal
