
Microsoft Visual Studio Solution File, Format Version 12.00
# Visual Studio Version 17
VisualStudioVersion = 17.0.32014.148
MinimumVisualStudioVersion = 10.0.40219.1
Project("{FAE04EC0-301F-11D3-BF4B-00C04F79EFBC}") = "Pergunta5", "Pergunta5\Pergunta5.csproj", "{15B951CE-0380-482C-B7E5-F6DA6A8CD3DE}"
EndProject
Global
	GlobalSection(SolutionConfigurationPlatforms) = preSolution
		Debug|Any CPU = Debug|Any CPU
		Release|Any CPU = Release|Any CPU
	EndGlobalSection
	GlobalSection(ProjectConfigurationPlatforms) = postSolution
		{15B951CE-0380-482C-B7E5-F6DA6A8CD3DE}.Debug|Any CPU.ActiveCfg = Debug|Any CPU
		{15B951CE-0380-482C-B7E5-F6DA6A8CD3DE}.Debug|Any CPU.Build.0 = Debug|Any CPU
		{15B951CE-0380-482C-B7E5-F6DA6A8CD3DE}.Release|Any CPU.ActiveCfg = Release|Any CPU
		{15B951CE-0380-482C-B7E5-F6DA6A8CD3DE}.Release|Any CPU.Build.0 = Release|Any CPU
	EndGlobalSection
	GlobalSection(SolutionProperties) = preSolution
		HideSolutionNode = FALSE
	EndGlobalSection
	GlobalSection(ExtensibilityGlobals) = postSolution
		SolutionGuid = {98F6E6D7-CC90-4659-BD6D-E6B7E95277B4}
	EndGlobalSection
EndGlobal
